
Microsoft Visual Studio Solution File, Format Version 12.00
# Visual Studio Version 16
VisualStudioVersion = 16.0.32106.194
MinimumVisualStudioVersion = 10.0.40219.1
Project("{9A19103F-16F7-4668-BE54-9A1E7A4F7556}") = "ProductsInventory", "ProductsInventory.csproj", "{08484C77-9DBE-4080-9731-0AC5634DF445}"
EndProject
Project("{9A19103F-16F7-4668-BE54-9A1E7A4F7556}") = "ProductsInventory.Test", "..\ProductsInventory.Test\ProductsInventory.Test.csproj", "{0415AE06-2649-4528-B0E5-1054588C0A4A}"
EndProject
Global
	GlobalSection(SolutionConfigurationPlatforms) = preSolution
		Debug|Any CPU = Debug|Any CPU
		Release|Any CPU = Release|Any CPU
	EndGlobalSection
	GlobalSection(ProjectConfigurationPlatforms) = postSolution
		{08484C77-9DBE-4080-9731-0AC5634DF445}.Debug|Any CPU.ActiveCfg = Debug|Any CPU
		{08484C77-9DBE-4080-9731-0AC5634DF445}.Debug|Any CPU.Build.0 = Debug|Any CPU
		{08484C77-9DBE-4080-9731-0AC5634DF445}.Release|Any CPU.ActiveCfg = Release|Any CPU
		{08484C77-9DBE-4080-9731-0AC5634DF445}.Release|Any CPU.Build.0 = Release|Any CPU
		{0415AE06-2649-4528-B0E5-1054588C0A4A}.Debug|Any CPU.ActiveCfg = Debug|Any CPU
		{0415AE06-2649-4528-B0E5-1054588C0A4A}.Debug|Any CPU.Build.0 = Debug|Any CPU
		{0415AE06-2649-4528-B0E5-1054588C0A4A}.Release|Any CPU.ActiveCfg = Release|Any CPU
		{0415AE06-2649-4528-B0E5-1054588C0A4A}.Release|Any CPU.Build.0 = Release|Any CPU
	EndGlobalSection
	GlobalSection(SolutionProperties) = preSolution
		HideSolutionNode = FALSE
	EndGlobalSection
	GlobalSection(ExtensibilityGlobals) = postSolution
		SolutionGuid = {A6A0DA30-4E85-4373-A263-F185212213FD}
	EndGlobalSection
EndGlobal
